
Microsoft Visual Studio Solution File, Format Version 12.00
# Visual Studio Version 17
VisualStudioVersion = 17.4.33122.133
MinimumVisualStudioVersion = 10.0.40219.1
Project("{9A19103F-16F7-4668-BE54-9A1E7A4F7556}") = "WebApp_Security", "WebApp_Security\WebApp_Security.csproj", "{20DC9138-B3B1-498B-AAE1-3414273E7B20}"
EndProject
Project("{9A19103F-16F7-4668-BE54-9A1E7A4F7556}") = "WebApi_Security", "WebApi_Security\WebApi_Security.csproj", "{19BFEA00-7C80-4E12-B993-1AFC38605FEF}"
EndProject
Project("{FAE04EC0-301F-11D3-BF4B-00C04F79EFBC}") = "WebApp", "WebApp\WebApp.csproj", "{236904B7-DFEF-4609-B318-7E5F6CC808F7}"
EndProject
Global
	GlobalSection(SolutionConfigurationPlatforms) = preSolution
		Debug|Any CPU = Debug|Any CPU
		Release|Any CPU = Release|Any CPU
	EndGlobalSection
	GlobalSection(ProjectConfigurationPlatforms) = postSolution
		{20DC9138-B3B1-498B-AAE1-3414273E7B20}.Debug|Any CPU.ActiveCfg = Debug|Any CPU
		{20DC9138-B3B1-498B-AAE1-3414273E7B20}.Debug|Any CPU.Build.0 = Debug|Any CPU
		{20DC9138-B3B1-498B-AAE1-3414273E7B20}.Release|Any CPU.ActiveCfg = Release|Any CPU
		{20DC9138-B3B1-498B-AAE1-3414273E7B20}.Release|Any CPU.Build.0 = Release|Any CPU
		{19BFEA00-7C80-4E12-B993-1AFC38605FEF}.Debug|Any CPU.ActiveCfg = Debug|Any CPU
		{19BFEA00-7C80-4E12-B993-1AFC38605FEF}.Debug|Any CPU.Build.0 = Debug|Any CPU
		{19BFEA00-7C80-4E12-B993-1AFC38605FEF}.Release|Any CPU.ActiveCfg = Release|Any CPU
		{19BFEA00-7C80-4E12-B993-1AFC38605FEF}.Release|Any CPU.Build.0 = Release|Any CPU
		{236904B7-DFEF-4609-B318-7E5F6CC808F7}.Debug|Any CPU.ActiveCfg = Debug|Any CPU
		{236904B7-DFEF-4609-B318-7E5F6CC808F7}.Debug|Any CPU.Build.0 = Debug|Any CPU
		{236904B7-DFEF-4609-B318-7E5F6CC808F7}.Release|Any CPU.ActiveCfg = Release|Any CPU
		{236904B7-DFEF-4609-B318-7E5F6CC808F7}.Release|Any CPU.Build.0 = Release|Any CPU
	EndGlobalSection
	GlobalSection(SolutionProperties) = preSolution
		HideSolutionNode = FALSE
	EndGlobalSection
	GlobalSection(ExtensibilityGlobals) = postSolution
		SolutionGuid = {0183369B-172C-4324-9253-570BA49C2B6B}
	EndGlobalSection
EndGlobal
